PODS:
  - CocoaAsyncSocket (7.6.4)
  - CocoaMQTT (1.2.5):
    - CocoaAsyncSocket (~> 7.6.3)
  - FGRoute (1.0.5)

DEPENDENCIES:
  - CocoaMQTT
  - FGRoute

SPEC REPOS:
  trunk:
    - CocoaAsyncSocket
    - CocoaMQTT
    - FGRoute

SPEC CHECKSUMS:
  CocoaAsyncSocket: 694058e7c0ed05a9e217d1b3c7ded962f4180845
  CocoaMQTT: a61490ed3b328011c5d75169a77781983e2bb221
  FGRoute: 012077ebabb2841d2af3baf63b30e72841f35ba1

PODFILE CHECKSUM: 51e9ec31348add2e51f8b1a8ad5a58e5a6854b6b

COCOAPODS: 1.8.4
